// !$*UTF8*$!
{
	archiveVersion = 1;
	classes = {
	};
	objectVersion = 51;
	objects = {

/* Begin PBXBuildFile section */
		12BCB08A56DDEA3891E7D3D7 /* Pods_iOS_practice_SwiftUIWeather.framework in Frameworks */ = {isa = PBXBuildFile; fileRef = 0F42600F909A3E2F148B4B9B /* Pods_iOS_practice_SwiftUIWeather.framework */; };
		3C0EF1432589D4D300C43A6D /* CityListView.swift in Sources */ = {isa = PBXBuildFile; fileRef = 3C0EF1422589D4D300C43A6D /* CityListView.swift */; };
		3C0EF1472589D5F600C43A6D /* City.swift in Sources */ = {isa = PBXBuildFile; fileRef = 3C0EF1462589D5F600C43A6D /* City.swift */; };
		3C0EF14A2589E29200C43A6D /* CityDetail.swift in Sources */ = {isa = PBXBuildFile; fileRef = 3C0EF1492589E29200C43A6D /* CityDetail.swift */; };
		3C0EF14D2589E3F900C43A6D /* MapView.swift in Sources */ = {isa = PBXBuildFile; fileRef = 3C0EF14C2589E3F900C43A6D /* MapView.swift */; };
		3C44133D2580C75D004B0AF4 /* UnitOfTemperature.swift in Sources */ = {isa = PBXBuildFile; fileRef = 3C44133C2580C75D004B0AF4 /* UnitOfTemperature.swift */; };
		3C4413402580D876004B0AF4 /* apikey.txt in Resources */ = {isa = PBXBuildFile; fileRef = 3C44133F2580D876004B0AF4 /* apikey.txt */; };
		3C936EE7259C6AC6005520B7 /* DecodeCitiyList.swift in Sources */ = {isa = PBXBuildFile; fileRef = 3C936EE6259C6AC6005520B7 /* DecodeCitiyList.swift */; };
		3C936EEB259C6B40005520B7 /* current.city.list.min.json in Resources */ = {isa = PBXBuildFile; fileRef = 3C936EEA259C6B40005520B7 /* current.city.list.min.json */; };
		3C9C8D8A256E38120011860F /* iOS_practice_SwiftUIWeatherApp.swift in Sources */ = {isa = PBXBuildFile; fileRef = 3C9C8D89256E38120011860F /* iOS_practice_SwiftUIWeatherApp.swift */; };
		3C9C8D8C256E38120011860F /* MainView.swift in Sources */ = {isa = PBXBuildFile; fileRef = 3C9C8D8B256E38120011860F /* MainView.swift */; };
		3C9C8D8E256E38130011860F /* Assets.xcassets in Resources */ = {isa = PBXBuildFile; fileRef = 3C9C8D8D256E38130011860F /* Assets.xcassets */; };
		3C9C8D91256E38130011860F /* Preview Assets.xcassets in Resources */ = {isa = PBXBuildFile; fileRef = 3C9C8D90256E38130011860F /* Preview Assets.xcassets */; };
		3C9C8D9A256E3B170011860F /* Weather.swift in Sources */ = {isa = PBXBuildFile; fileRef = 3C9C8D99256E3B170011860F /* Weather.swift */; };
		3C9C8D9D256E3B260011860F /* OpenWeather.swift in Sources */ = {isa = PBXBuildFile; fileRef = 3C9C8D9C256E3B260011860F /* OpenWeather.swift */; };
		3C9C8DA5256E48700011860F /* OpenWeatherJson.swift in Sources */ = {isa = PBXBuildFile; fileRef = 3C9C8DA4256E48700011860F /* OpenWeatherJson.swift */; };
/* End PBXBuildFile section */

/* Begin PBXFileReference section */
		0F42600F909A3E2F148B4B9B /* Pods_iOS_practice_SwiftUIWeather.framework */ = {isa = PBXFileReference; explicitFileType = wrapper.framework; includeInIndex = 0; path = Pods_iOS_practice_SwiftUIWeather.framework; sourceTree = BUILT_PRODUCTS_DIR; };
		3C0EF1422589D4D300C43A6D /* CityListView.swift */ = {isa = PBXFileReference; lastKnownFileType = sourcecode.swift; path = CityListView.swift; sourceTree = "<group>"; };
		3C0EF1462589D5F600C43A6D /* City.swift */ = {isa = PBXFileReference; lastKnownFileType = sourcecode.swift; path = City.swift; sourceTree = "<group>"; };
		3C0EF1492589E29200C43A6D /* CityDetail.swift */ = {isa = PBXFileReference; lastKnownFileType = sourcecode.swift; path = CityDetail.swift; sourceTree = "<group>"; };
		3C0EF14C2589E3F900C43A6D /* MapView.swift */ = {isa = PBXFileReference; lastKnownFileType = sourcecode.swift; path = MapView.swift; sourceTree = "<group>"; };
		3C44133C2580C75D004B0AF4 /* UnitOfTemperature.swift */ = {isa = PBXFileReference; lastKnownFileType = sourcecode.swift; path = UnitOfTemperature.swift; sourceTree = "<group>"; };
		3C44133F2580D876004B0AF4 /* apikey.txt */ = {isa = PBXFileReference; fileEncoding = 4; lastKnownFileType = text; path = apikey.txt; sourceTree = "<group>"; };
		3C936EE6259C6AC6005520B7 /* DecodeCitiyList.swift */ = {isa = PBXFileReference; lastKnownFileType = sourcecode.swift; path = DecodeCitiyList.swift; sourceTree = "<group>"; };
		3C936EEA259C6B40005520B7 /* current.city.list.min.json */ = {isa = PBXFileReference; fileEncoding = 4; lastKnownFileType = text.json; path = current.city.list.min.json; sourceTree = "<group>"; };
		3C9C8D86256E38120011860F /* iOS_practice_SwiftUIWeather.app */ = {isa = PBXFileReference; explicitFileType = wrapper.application; includeInIndex = 0; path = iOS_practice_SwiftUIWeather.app; sourceTree = BUILT_PRODUCTS_DIR; };
		3C9C8D89256E38120011860F /* iOS_practice_SwiftUIWeatherApp.swift */ = {isa = PBXFileReference; lastKnownFileType = sourcecode.swift; path = iOS_practice_SwiftUIWeatherApp.swift; sourceTree = "<group>"; };
		3C9C8D8B256E38120011860F /* MainView.swift */ = {isa = PBXFileReference; lastKnownFileType = sourcecode.swift; path = MainView.swift; sourceTree = "<group>"; };
		3C9C8D8D256E38130011860F /* Assets.xcassets */ = {isa = PBXFileReference; lastKnownFileType = folder.assetcatalog; path = Assets.xcassets; sourceTree = "<group>"; };
		3C9C8D90256E38130011860F /* Preview Assets.xcassets */ = {isa = PBXFileReference; lastKnownFileType = folder.assetcatalog; path = "Preview Assets.xcassets"; sourceTree = "<group>"; };
		3C9C8D92256E38130011860F /* Info.plist */ = {isa = PBXFileReference; lastKnownFileType = text.plist.xml; path = Info.plist; sourceTree = "<group>"; };
		3C9C8D99256E3B170011860F /* Weather.swift */ = {isa = PBXFileReference; lastKnownFileType = sourcecode.swift; path = Weather.swift; sourceTree = "<group>"; };
		3C9C8D9C256E3B260011860F /* OpenWeather.swift */ = {isa = PBXFileReference; lastKnownFileType = sourcecode.swift; path = OpenWeather.swift; sourceTree = "<group>"; };
		3C9C8DA4256E48700011860F /* OpenWeatherJson.swift */ = {isa = PBXFileReference; lastKnownFileType = sourcecode.swift; path = OpenWeatherJson.swift; sourceTree = "<group>"; };
		8AE90BEA582476F360B1CA45 /* Pods-iOS_practice_SwiftUIWeather.debug.xcconfig */ = {isa = PBXFileReference; includeInIndex = 1; lastKnownFileType = text.xcconfig; name = "Pods-iOS_practice_SwiftUIWeather.debug.xcconfig"; path = "Target Support Files/Pods-iOS_practice_SwiftUIWeather/Pods-iOS_practice_SwiftUIWeather.debug.xcconfig"; sourceTree = "<group>"; };
		CEBF26AAC5A4E97C39D365EA /* Pods-iOS_practice_SwiftUIWeather.release.xcconfig */ = {isa = PBXFileReference; includeInIndex = 1; lastKnownFileType = text.xcconfig; name = "Pods-iOS_practice_SwiftUIWeather.release.xcconfig"; path = "Target Support Files/Pods-iOS_practice_SwiftUIWeather/Pods-iOS_practice_SwiftUIWeather.release.xcconfig"; sourceTree = "<group>"; };
/* End PBXFileReference section */

/* Begin PBXFrameworksBuildPhase section */
		3C9C8D83256E38120011860F /* Frameworks */ = {
			isa = PBXFrameworksBuildPhase;
			buildActionMask = 2147483647;
			files = (
				12BCB08A56DDEA3891E7D3D7 /* Pods_iOS_practice_SwiftUIWeather.framework in Frameworks */,
			);
			runOnlyForDeploymentPostprocessing = 0;
		};
/* End PBXFrameworksBuildPhase section */

/* Begin PBXGroup section */
		3C9C8D7D256E38120011860F = {
			isa = PBXGroup;
			children = (
				3C9C8D88256E38120011860F /* iOS_practice_SwiftUIWeather */,
				3C9C8D87256E38120011860F /* Products */,
				E5C2930109EB9FC4CDAC4CD5 /* Pods */,
				E3D35FEE208DC9704F47A227 /* Frameworks */,
			);
			sourceTree = "<group>";
		};
		3C9C8D87256E38120011860F /* Products */ = {
			isa = PBXGroup;
			children = (
				3C9C8D86256E38120011860F /* iOS_practice_SwiftUIWeather.app */,
			);
			name = Products;
			sourceTree = "<group>";
		};
		3C9C8D88256E38120011860F /* iOS_practice_SwiftUIWeather */ = {
			isa = PBXGroup;
			children = (
				3C936EEA259C6B40005520B7 /* current.city.list.min.json */,
				3C44133F2580D876004B0AF4 /* apikey.txt */,
				3C9C8D89256E38120011860F /* iOS_practice_SwiftUIWeatherApp.swift */,
				3CCB15E62589FD6400D5C059 /* View */,
				3CCB15E72589FD9400D5C059 /* ViewModel */,
				3CCB15E82589FDA200D5C059 /* Model */,
				3C9C8D8D256E38130011860F /* Assets.xcassets */,
				3C9C8D92256E38130011860F /* Info.plist */,
				3C9C8D8F256E38130011860F /* Preview Content */,
				3C9C8DA4256E48700011860F /* OpenWeatherJson.swift */,
				3C44133C2580C75D004B0AF4 /* UnitOfTemperature.swift */,
			);
			path = iOS_practice_SwiftUIWeather;
			sourceTree = "<group>";
		};
		3C9C8D8F256E38130011860F /* Preview Content */ = {
			isa = PBXGroup;
			children = (
				3C9C8D90256E38130011860F /* Preview Assets.xcassets */,
			);
			path = "Preview Content";
			sourceTree = "<group>";
		};
		3CCB15E62589FD6400D5C059 /* View */ = {
			isa = PBXGroup;
			children = (
				3C9C8D8B256E38120011860F /* MainView.swift */,
				3C0EF1422589D4D300C43A6D /* CityListView.swift */,
				3C0EF1492589E29200C43A6D /* CityDetail.swift */,
				3C0EF14C2589E3F900C43A6D /* MapView.swift */,
			);
			path = View;
			sourceTree = "<group>";
		};
		3CCB15E72589FD9400D5C059 /* ViewModel */ = {
			isa = PBXGroup;
			children = (
				3C9C8D99256E3B170011860F /* Weather.swift */,
				3C936EE6259C6AC6005520B7 /* DecodeCitiyList.swift */,
			);
			path = ViewModel;
			sourceTree = "<group>";
		};
		3CCB15E82589FDA200D5C059 /* Model */ = {
			isa = PBXGroup;
			children = (
				3C9C8D9C256E3B260011860F /* OpenWeather.swift */,
				3C0EF1462589D5F600C43A6D /* City.swift */,
			);
			path = Model;
			sourceTree = "<group>";
		};
		E3D35FEE208DC9704F47A227 /* Frameworks */ = {
			isa = PBXGroup;
			children = (
				0F42600F909A3E2F148B4B9B /* Pods_iOS_practice_SwiftUIWeather.framework */,
			);
			name = Frameworks;
			sourceTree = "<group>";
		};
		E5C2930109EB9FC4CDAC4CD5 /* Pods */ = {
			isa = PBXGroup;
			children = (
				8AE90BEA582476F360B1CA45 /* Pods-iOS_practice_SwiftUIWeather.debug.xcconfig */,
				CEBF26AAC5A4E97C39D365EA /* Pods-iOS_practice_SwiftUIWeather.release.xcconfig */,
			);
			path = Pods;
			sourceTree = "<group>";
		};
/* End PBXGroup section */

/* Begin PBXNativeTarget section */
		3C9C8D85256E38120011860F /* iOS_practice_SwiftUIWeather */ = {
			isa = PBXNativeTarget;
			buildConfigurationList = 3C9C8D95256E38130011860F /* Build configuration list for PBXNativeTarget "iOS_practice_SwiftUIWeather" */;
			buildPhases = (
				4954F5ADB8F2303C318E00D6 /* [CP] Check Pods Manifest.lock */,
				3C9C8D82256E38120011860F /* Sources */,
				3C9C8D83256E38120011860F /* Frameworks */,
				3C9C8D84256E38120011860F /* Resources */,
				C859B2DB84F9149D552B25A7 /* [CP] Embed Pods Frameworks */,
			);
			buildRules = (
			);
			dependencies = (
			);
			name = iOS_practice_SwiftUIWeather;
			productName = iOS_practice_SwiftUIWeather;
			productReference = 3C9C8D86256E38120011860F /* iOS_practice_SwiftUIWeather.app */;
			productType = "com.apple.product-type.application";
		};
/* End PBXNativeTarget section */

/* Begin PBXProject section */
		3C9C8D7E256E38120011860F /* Project object */ = {
			isa = PBXProject;
			attributes = {
				LastSwiftUpdateCheck = 1220;
				LastUpgradeCheck = 1220;
				TargetAttributes = {
					3C9C8D85256E38120011860F = {
						CreatedOnToolsVersion = 12.2;
					};
				};
			};
			buildConfigurationList = 3C9C8D81256E38120011860F /* Build configuration list for PBXProject "iOS_practice_SwiftUIWeather" */;
			compatibilityVersion = "Xcode 9.3";
			developmentRegion = en;
			hasScannedForEncodings = 0;
			knownRegions = (
				en,
				Base,
			);
			mainGroup = 3C9C8D7D256E38120011860F;
			productRefGroup = 3C9C8D87256E38120011860F /* Products */;
			projectDirPath = "";
			projectRoot = "";
			targets = (
				3C9C8D85256E38120011860F /* iOS_practice_SwiftUIWeather */,
			);
		};
/* End PBXProject section */

/* Begin PBXResourcesBuildPhase section */
		3C9C8D84256E38120011860F /* Resources */ = {
			isa = PBXResourcesBuildPhase;
			buildActionMask = 2147483647;
			files = (
				3C936EEB259C6B40005520B7 /* current.city.list.min.json in Resources */,
				3C9C8D91256E38130011860F /* Preview Assets.xcassets in Resources */,
				3C4413402580D876004B0AF4 /* apikey.txt in Resources */,
				3C9C8D8E256E38130011860F /* Assets.xcassets in Resources */,
			);
			runOnlyForDeploymentPostprocessing = 0;
		};
/* End PBXResourcesBuildPhase section */

/* Begin PBXShellScriptBuildPhase section */
		4954F5ADB8F2303C318E00D6 /* [CP] Check Pods Manifest.lock */ = {
			isa = PBXShellScriptBuildPhase;
			buildActionMask = 2147483647;
			files = (
			);
			inputFileListPaths = (
			);
			inputPaths = (
				"${PODS_PODFILE_DIR_PATH}/Podfile.lock",
				"${PODS_ROOT}/Manifest.lock",
			);
			name = "[CP] Check Pods Manifest.lock";
			outputFileListPaths = (
			);
			outputPaths = (
				"$(DERIVED_FILE_DIR)/Pods-iOS_practice_SwiftUIWeather-checkManifestLockResult.txt",
			);
			runOnlyForDeploymentPostprocessing = 0;
			shellPath = /bin/sh;
			shellScript = "diff \"${PODS_PODFILE_DIR_PATH}/Podfile.lock\" \"${PODS_ROOT}/Manifest.lock\" > /dev/null\nif [ $? != 0 ] ; then\n    # print error to STDERR\n    echo \"error: The sandbox is not in sync with the Podfile.lock. Run 'pod install' or update your CocoaPods installation.\" >&2\n    exit 1\nfi\n# This output is used by Xcode 'outputs' to avoid re-running this script phase.\necho \"SUCCESS\" > \"${SCRIPT_OUTPUT_FILE_0}\"\n";
			showEnvVarsInLog = 0;
		};
		C859B2DB84F9149D552B25A7 /* [CP] Embed Pods Frameworks */ = {
			isa = PBXShellScriptBuildPhase;
			buildActionMask = 2147483647;
			files = (
			);
			inputFileListPaths = (
				"${PODS_ROOT}/Target Support Files/Pods-iOS_practice_SwiftUIWeather/Pods-iOS_practice_SwiftUIWeather-frameworks-${CONFIGURATION}-input-files.xcfilelist",
			);
			name = "[CP] Embed Pods Frameworks";
			outputFileListPaths = (
				"${PODS_ROOT}/Target Support Files/Pods-iOS_practice_SwiftUIWeather/Pods-iOS_practice_SwiftUIWeather-frameworks-${CONFIGURATION}-output-files.xcfilelist",
			);
			runOnlyForDeploymentPostprocessing = 0;
			shellPath = /bin/sh;
			shellScript = "\"${PODS_ROOT}/Target Support Files/Pods-iOS_practice_SwiftUIWeather/Pods-iOS_practice_SwiftUIWeather-frameworks.sh\"\n";
			showEnvVarsInLog = 0;
		};
/* End PBXShellScriptBuildPhase section */

/* Begin PBXSourcesBuildPhase section */
		3C9C8D82256E38120011860F /* Sources */ = {
			isa = PBXSourcesBuildPhase;
			buildActionMask = 2147483647;
			files = (
				3C0EF1472589D5F600C43A6D /* City.swift in Sources */,
				3C9C8D9A256E3B170011860F /* Weather.swift in Sources */,
				3C44133D2580C75D004B0AF4 /* UnitOfTemperature.swift in Sources */,
				3C9C8DA5256E48700011860F /* OpenWeatherJson.swift in Sources */,
				3C0EF1432589D4D300C43A6D /* CityListView.swift in Sources */,
				3C0EF14A2589E29200C43A6D /* CityDetail.swift in Sources */,
				3C9C8D8C256E38120011860F /* MainView.swift in Sources */,
				3C0EF14D2589E3F900C43A6D /* MapView.swift in Sources */,
				3C9C8D8A256E38120011860F /* iOS_practice_SwiftUIWeatherApp.swift in Sources */,
				3C936EE7259C6AC6005520B7 /* DecodeCitiyList.swift in Sources */,
				3C9C8D9D256E3B260011860F /* OpenWeather.swift in Sources */,
			);
			runOnlyForDeploymentPostprocessing = 0;
		};
/* End PBXSourcesBuildPhase section */

/* Begin XCBuildConfiguration section */
		3C9C8D93256E38130011860F /* Debug */ = {
			isa = XCBuildConfiguration;
			buildSettings = {
				ALWAYS_SEARCH_USER_PATHS = NO;
				CLANG_ANALYZER_NONNULL = YES;
				CLANG_ANALYZER_NUMBER_OBJECT_CONVERSION = YES_AGGRESSIVE;
				CLANG_CXX_LANGUAGE_STANDARD = "gnu++14";
				CLANG_CXX_LIBRARY = "libc++";
				CLANG_ENABLE_MODULES = YES;
				CLANG_ENABLE_OBJC_ARC = YES;
				CLANG_ENABLE_OBJC_WEAK = YES;
				CLANG_WARN_BLOCK_CAPTURE_AUTORELEASING = YES;
				CLANG_WARN_BOOL_CONVERSION = YES;
				CLANG_WARN_COMMA = YES;
				CLANG_WARN_CONSTANT_CONVERSION = YES;
				CLANG_WARN_DEPRECATED_OBJC_IMPLEMENTATIONS = YES;
				CLANG_WARN_DIRECT_OBJC_ISA_USAGE = YES_ERROR;
				CLANG_WARN_DOCUMENTATION_COMMENTS = YES;
				CLANG_WARN_EMPTY_BODY = YES;
				CLANG_WARN_ENUM_CONVERSION = YES;
				CLANG_WARN_INFINITE_RECURSION = YES;
				CLANG_WARN_INT_CONVERSION = YES;
				CLANG_WARN_NON_LITERAL_NULL_CONVERSION = YES;
				CLANG_WARN_OBJC_IMPLICIT_RETAIN_SELF = YES;
				CLANG_WARN_OBJC_LITERAL_CONVERSION = YES;
				CLANG_WARN_OBJC_ROOT_CLASS = YES_ERROR;
				CLANG_WARN_QUOTED_INCLUDE_IN_FRAMEWORK_HEADER = YES;
				CLANG_WARN_RANGE_LOOP_ANALYSIS = YES;
				CLANG_WARN_STRICT_PROTOTYPES = YES;
				CLANG_WARN_SUSPICIOUS_MOVE = YES;
				CLANG_WARN_UNGUARDED_AVAILABILITY = YES_AGGRESSIVE;
				CLANG_WARN_UNREACHABLE_CODE = YES;
				CLANG_WARN__DUPLICATE_METHOD_MATCH = YES;
				COPY_PHASE_STRIP = NO;
				DEBUG_INFORMATION_FORMAT = dwarf;
				ENABLE_STRICT_OBJC_MSGSEND = YES;
				ENABLE_TESTABILITY = YES;
				GCC_C_LANGUAGE_STANDARD = gnu11;
				GCC_DYNAMIC_NO_PIC = NO;
				GCC_NO_COMMON_BLOCKS = YES;
				GCC_OPTIMIZATION_LEVEL = 0;
				GCC_PREPROCESSOR_DEFINITIONS = (
					"DEBUG=1",
					"$(inherited)",
				);
				GCC_WARN_64_TO_32_BIT_CONVERSION = YES;
				GCC_WARN_ABOUT_RETURN_TYPE = YES_ERROR;
				GCC_WARN_UNDECLARED_SELECTOR = YES;
				GCC_WARN_UNINITIALIZED_AUTOS = YES_AGGRESSIVE;
				GCC_WARN_UNUSED_FUNCTION = YES;
				GCC_WARN_UNUSED_VARIABLE = YES;
				IPHONEOS_DEPLOYMENT_TARGET = 14.2;
				MTL_ENABLE_DEBUG_INFO = INCLUDE_SOURCE;
				MTL_FAST_MATH = YES;
				ONLY_ACTIVE_ARCH = YES;
				SDKROOT = iphoneos;
				SWIFT_ACTIVE_COMPILATION_CONDITIONS = DEBUG;
				SWIFT_OPTIMIZATION_LEVEL = "-Onone";
			};
			name = Debug;
		};
		3C9C8D94256E38130011860F /* Release */ = {
			isa = XCBuildConfiguration;
			buildSettings = {
				ALWAYS_SEARCH_USER_PATHS = NO;
				CLANG_ANALYZER_NONNULL = YES;
				CLANG_ANALYZER_NUMBER_OBJECT_CONVERSION = YES_AGGRESSIVE;
				CLANG_CXX_LANGUAGE_STANDARD = "gnu++14";
				CLANG_CXX_LIBRARY = "libc++";
				CLANG_ENABLE_MODULES = YES;
				CLANG_ENABLE_OBJC_ARC = YES;
				CLANG_ENABLE_OBJC_WEAK = YES;
				CLANG_WARN_BLOCK_CAPTURE_AUTORELEASING = YES;
				CLANG_WARN_BOOL_CONVERSION = YES;
				CLANG_WARN_COMMA = YES;
				CLANG_WARN_CONSTANT_CONVERSION = YES;
				CLANG_WARN_DEPRECATED_OBJC_IMPLEMENTATIONS = YES;
				CLANG_WARN_DIRECT_OBJC_ISA_USAGE = YES_ERROR;
				CLANG_WARN_DOCUMENTATION_COMMENTS = YES;
				CLANG_WARN_EMPTY_BODY = YES;
				CLANG_WARN_ENUM_CONVERSION = YES;
				CLANG_WARN_INFINITE_RECURSION = YES;
				CLANG_WARN_INT_CONVERSION = YES;
				CLANG_WARN_NON_LITERAL_NULL_CONVERSION = YES;
				CLANG_WARN_OBJC_IMPLICIT_RETAIN_SELF = YES;
				CLANG_WARN_OBJC_LITERAL_CONVERSION = YES;
				CLANG_WARN_OBJC_ROOT_CLASS = YES_ERROR;
				CLANG_WARN_QUOTED_INCLUDE_IN_FRAMEWORK_HEADER = YES;
				CLANG_WARN_RANGE_LOOP_ANALYSIS = YES;
				CLANG_WARN_STRICT_PROTOTYPES = YES;
				CLANG_WARN_SUSPICIOUS_MOVE = YES;
				CLANG_WARN_UNGUARDED_AVAILABILITY = YES_AGGRESSIVE;
				CLANG_WARN_UNREACHABLE_CODE = YES;
				CLANG_WARN__DUPLICATE_METHOD_MATCH = YES;
				COPY_PHASE_STRIP = NO;
				DEBUG_INFORMATION_FORMAT = "dwarf-with-dsym";
				ENABLE_NS_ASSERTIONS = NO;
				ENABLE_STRICT_OBJC_MSGSEND = YES;
				GCC_C_LANGUAGE_STANDARD = gnu11;
				GCC_NO_COMMON_BLOCKS = YES;
				GCC_WARN_64_TO_32_BIT_CONVERSION = YES;
				GCC_WARN_ABOUT_RETURN_TYPE = YES_ERROR;
				GCC_WARN_UNDECLARED_SELECTOR = YES;
				GCC_WARN_UNINITIALIZED_AUTOS = YES_AGGRESSIVE;
				GCC_WARN_UNUSED_FUNCTION = YES;
				GCC_WARN_UNUSED_VARIABLE = YES;
				IPHONEOS_DEPLOYMENT_TARGET = 14.2;
				MTL_ENABLE_DEBUG_INFO = NO;
				MTL_FAST_MATH = YES;
				SDKROOT = iphoneos;
				SWIFT_COMPILATION_MODE = wholemodule;
				SWIFT_OPTIMIZATION_LEVEL = "-O";
				VALIDATE_PRODUCT = YES;
			};
			name = Release;
		};
		3C9C8D96256E38130011860F /* Debug */ = {
			isa = XCBuildConfiguration;
			baseConfigurationReference = 8AE90BEA582476F360B1CA45 /* Pods-iOS_practice_SwiftUIWeather.debug.xcconfig */;
			buildSettings = {
				ASSETCATALOG_COMPILER_APPICON_NAME = AppIcon;
				ASSETCATALOG_COMPILER_GLOBAL_ACCENT_COLOR_NAME = AccentColor;
				CODE_SIGN_STYLE = Automatic;
				DEVELOPMENT_ASSET_PATHS = "\"iOS_practice_SwiftUIWeather/Preview Content\"";
				DEVELOPMENT_TEAM = 9Q7TD4AGF4;
				ENABLE_PREVIEWS = YES;
				INFOPLIST_FILE = iOS_practice_SwiftUIWeather/Info.plist;
				IPHONEOS_DEPLOYMENT_TARGET = 14.0;
				LD_RUNPATH_SEARCH_PATHS = (
					"$(inherited)",
					"@executable_path/Frameworks",
				);
				PRODUCT_BUNDLE_IDENTIFIER = "jerry960331.iOS-practice-SwiftUIWeather";
				PRODUCT_NAME = "$(TARGET_NAME)";
				SWIFT_VERSION = 5.0;
				TARGETED_DEVICE_FAMILY = "1,2";
			};
			name = Debug;
		};
		3C9C8D97256E38130011860F /* Release */ = {
			isa = XCBuildConfiguration;
			baseConfigurationReference = CEBF26AAC5A4E97C39D365EA /* Pods-iOS_practice_SwiftUIWeather.release.xcconfig */;
			buildSettings = {
				ASSETCATALOG_COMPILER_APPICON_NAME = AppIcon;
				ASSETCATALOG_COMPILER_GLOBAL_ACCENT_COLOR_NAME = AccentColor;
				CODE_SIGN_STYLE = Automatic;
				DEVELOPMENT_ASSET_PATHS = "\"iOS_practice_SwiftUIWeather/Preview Content\"";
				DEVELOPMENT_TEAM = 9Q7TD4AGF4;
				ENABLE_PREVIEWS = YES;
				INFOPLIST_FILE = iOS_practice_SwiftUIWeather/Info.plist;
				IPHONEOS_DEPLOYMENT_TARGET = 14.0;
				LD_RUNPATH_SEARCH_PATHS = (
					"$(inherited)",
					"@executable_path/Frameworks",
				);
				PRODUCT_BUNDLE_IDENTIFIER = "jerry960331.iOS-practice-SwiftUIWeather";
				PRODUCT_NAME = "$(TARGET_NAME)";
				SWIFT_VERSION = 5.0;
				TARGETED_DEVICE_FAMILY = "1,2";
			};
			name = Release;
		};
/* End XCBuildConfiguration section */

/* Begin XCConfigurationList section */
		3C9C8D81256E38120011860F /* Build configuration list for PBXProject "iOS_practice_SwiftUIWeather" */ = {
			isa = XCConfigurationList;
			buildConfigurations = (
				3C9C8D93256E38130011860F /* Debug */,
				3C9C8D94256E38130011860F /* Release */,
			);
			defaultConfigurationIsVisible = 0;
			defaultConfigurationName = Release;
		};
		3C9C8D95256E38130011860F /* Build configuration list for PBXNativeTarget "iOS_practice_SwiftUIWeather" */ = {
			isa = XCConfigurationList;
			buildConfigurations = (
				3C9C8D96256E38130011860F /* Debug */,
				3C9C8D97256E38130011860F /* Release */,
			);
			defaultConfigurationIsVisible = 0;
			defaultConfigurationName = Release;
		};
/* End XCConfigurationList section */
	};
	rootObject = 3C9C8D7E256E38120011860F /* Project object */;
}
